// !$*UTF8*$!
{
	archiveVersion = 1;
	classes = {
	};
	objectVersion = 50;
	objects = {

/* Begin PBXBuildFile section */
		4D064CF922F08FC9000BACE9 /* AppDelegate.swift in Sources */ = {isa = PBXBuildFile; fileRef = 4D064CF822F08FC9000BACE9 /* AppDelegate.swift */; };
		4D064CFB22F08FC9000BACE9 /* ViewController.swift in Sources */ = {isa = PBXBuildFile; fileRef = 4D064CFA22F08FC9000BACE9 /* ViewController.swift */; };
		4D064CFE22F08FC9000BACE9 /* Main.storyboard in Resources */ = {isa = PBXBuildFile; fileRef = 4D064CFC22F08FC9000BACE9 /* Main.storyboard */; };
		4D064D0022F08FCA000BACE9 /* Assets.xcassets in Resources */ = {isa = PBXBuildFile; fileRef = 4D064CFF22F08FCA000BACE9 /* Assets.xcassets */; };
		4D064D0322F08FCA000BACE9 /* LaunchScreen.storyboard in Resources */ = {isa = PBXBuildFile; fileRef = 4D064D0122F08FCA000BACE9 /* LaunchScreen.storyboard */; };
		4D080F4422F329E6000AB9B3 /* SimpalmLogger.framework in Frameworks */ = {isa = PBXBuildFile; fileRef = 4D080F4222F329D4000AB9B3 /* SimpalmLogger.framework */; };
		4D080F4522F329E6000AB9B3 /* SimpalmLogger.framework in Embed Frameworks */ = {isa = PBXBuildFile; fileRef = 4D080F4222F329D4000AB9B3 /* SimpalmLogger.framework */; settings = {ATTRIBUTES = (CodeSignOnCopy, RemoveHeadersOnCopy, ); }; };
/* End PBXBuildFile section */

/* Begin PBXCopyFilesBuildPhase section */
		4D064D0E22F08FEF000BACE9 /* Embed Frameworks */ = {
			isa = PBXCopyFilesBuildPhase;
			buildActionMask = 2147483647;
			dstPath = "";
			dstSubfolderSpec = 10;
			files = (
				4D080F4522F329E6000AB9B3 /* SimpalmLogger.framework in Embed Frameworks */,
			);
			name = "Embed Frameworks";
			runOnlyForDeploymentPostprocessing = 0;
		};
/* End PBXCopyFilesBuildPhase section */

/* Begin PBXFileReference section */
		4D064CF522F08FC9000BACE9 /* SimpalmLogTest.app */ = {isa = PBXFileReference; explicitFileType = wrapper.application; includeInIndex = 0; path = SimpalmLogTest.app; sourceTree = BUILT_PRODUCTS_DIR; };
		4D064CF822F08FC9000BACE9 /* AppDelegate.swift */ = {isa = PBXFileReference; lastKnownFileType = sourcecode.swift; path = AppDelegate.swift; sourceTree = "<group>"; };
		4D064CFA22F08FC9000BACE9 /* ViewController.swift */ = {isa = PBXFileReference; lastKnownFileType = sourcecode.swift; path = ViewController.swift; sourceTree = "<group>"; };
		4D064CFD22F08FC9000BACE9 /* Base */ = {isa = PBXFileReference; lastKnownFileType = file.storyboard; name = Base; path = Base.lproj/Main.storyboard; sourceTree = "<group>"; };
		4D064CFF22F08FCA000BACE9 /* Assets.xcassets */ = {isa = PBXFileReference; lastKnownFileType = folder.assetcatalog; path = Assets.xcassets; sourceTree = "<group>"; };
		4D064D0222F08FCA000BACE9 /* Base */ = {isa = PBXFileReference; lastKnownFileType = file.storyboard; name = Base; path = Base.lproj/LaunchScreen.storyboard; sourceTree = "<group>"; };
		4D064D0422F08FCA000BACE9 /* Info.plist */ = {isa = PBXFileReference; lastKnownFileType = text.plist.xml; path = Info.plist; sourceTree = "<group>"; };
		4D080F4222F329D4000AB9B3 /* SimpalmLogger.framework */ = {isa = PBXFileReference; lastKnownFileType = wrapper.framework; path = SimpalmLogger.framework; sourceTree = "<group>"; };
/* End PBXFileReference section */

/* Begin PBXFrameworksBuildPhase section */
		4D064CF222F08FC9000BACE9 /* Frameworks */ = {
			isa = PBXFrameworksBuildPhase;
			buildActionMask = 2147483647;
			files = (
				4D080F4422F329E6000AB9B3 /* SimpalmLogger.framework in Frameworks */,
			);
			runOnlyForDeploymentPostprocessing = 0;
		};
/* End PBXFrameworksBuildPhase section */

/* Begin PBXGroup section */
		4D064CEC22F08FC9000BACE9 = {
			isa = PBXGroup;
			children = (
				4D064CF722F08FC9000BACE9 /* SimpalmLogTest */,
				4D064CF622F08FC9000BACE9 /* Products */,
			);
			sourceTree = "<group>";
		};
		4D064CF622F08FC9000BACE9 /* Products */ = {
			isa = PBXGroup;
			children = (
				4D064CF522F08FC9000BACE9 /* SimpalmLogTest.app */,
			);
			name = Products;
			sourceTree = "<group>";
		};
		4D064CF722F08FC9000BACE9 /* SimpalmLogTest */ = {
			isa = PBXGroup;
			children = (
				4D080F4222F329D4000AB9B3 /* SimpalmLogger.framework */,
				4D064CF822F08FC9000BACE9 /* AppDelegate.swift */,
				4D064CFA22F08FC9000BACE9 /* ViewController.swift */,
				4D064CFC22F08FC9000BACE9 /* Main.storyboard */,
				4D064CFF22F08FCA000BACE9 /* Assets.xcassets */,
				4D064D0122F08FCA000BACE9 /* LaunchScreen.storyboard */,
				4D064D0422F08FCA000BACE9 /* Info.plist */,
			);
			path = SimpalmLogTest;
			sourceTree = "<group>";
		};
/* End PBXGroup section */

/* Begin PBXNativeTarget section */
		4D064CF422F08FC9000BACE9 /* SimpalmLogTest */ = {
			isa = PBXNativeTarget;
			buildConfigurationList = 4D064D0722F08FCA000BACE9 /* Build configuration list for PBXNativeTarget "SimpalmLogTest" */;
			buildPhases = (
				4D064CF122F08FC9000BACE9 /* Sources */,
				4D064CF222F08FC9000BACE9 /* Frameworks */,
				4D064CF322F08FC9000BACE9 /* Resources */,
				4D064D0E22F08FEF000BACE9 /* Embed Frameworks */,
			);
			buildRules = (
			);
			dependencies = (
			);
			name = SimpalmLogTest;
			productName = SimpalmLogTest;
			productReference = 4D064CF522F08FC9000BACE9 /* SimpalmLogTest.app */;
			productType = "com.apple.product-type.application";
		};
/* End PBXNativeTarget section */

/* Begin PBXProject section */
		4D064CED22F08FC9000BACE9 /* Project object */ = {
			isa = PBXProject;
			attributes = {
				LastSwiftUpdateCheck = 1020;
				LastUpgradeCheck = 1020;
				ORGANIZATIONNAME = Simpalm;
				TargetAttributes = {
					4D064CF422F08FC9000BACE9 = {
						CreatedOnToolsVersion = 10.2.1;
					};
				};
			};
			buildConfigurationList = 4D064CF022F08FC9000BACE9 /* Build configuration list for PBXProject "SimpalmLogTest" */;
			compatibilityVersion = "Xcode 9.3";
			developmentRegion = en;
			hasScannedForEncodings = 0;
			knownRegions = (
				en,
				Base,
			);
			mainGroup = 4D064CEC22F08FC9000BACE9;
			productRefGroup = 4D064CF622F08FC9000BACE9 /* Products */;
			projectDirPath = "";
			projectRoot = "";
			targets = (
				4D064CF422F08FC9000BACE9 /* SimpalmLogTest */,
			);
		};
/* End PBXProject section */

/* Begin PBXResourcesBuildPhase section */
		4D064CF322F08FC9000BACE9 /* Resources */ = {
			isa = PBXResourcesBuildPhase;
			buildActionMask = 2147483647;
			files = (
				4D064D0322F08FCA000BACE9 /* LaunchScreen.storyboard in Resources */,
				4D064D0022F08FCA000BACE9 /* Assets.xcassets in Resources */,
				4D064CFE22F08FC9000BACE9 /* Main.storyboard in Resources */,
			);
			runOnlyForDeploymentPostprocessing = 0;
		};
/* End PBXResourcesBuildPhase section */

/* Begin PBXSourcesBuildPhase section */
		4D064CF122F08FC9000BACE9 /* Sources */ = {
			isa = PBXSourcesBuildPhase;
			buildActionMask = 2147483647;
			files = (
				4D064CFB22F08FC9000BACE9 /* ViewController.swift in Sources */,
				4D064CF922F08FC9000BACE9 /* AppDelegate.swift in Sources */,
			);
			runOnlyForDeploymentPostprocessing = 0;
		};
/* End PBXSourcesBuildPhase section */

/* Begin PBXVariantGroup section */
		4D064CFC22F08FC9000BACE9 /* Main.storyboard */ = {
			isa = PBXVariantGroup;
			children = (
				4D064CFD22F08FC9000BACE9 /* Base */,
			);
			name = Main.storyboard;
			sourceTree = "<group>";
		};
		4D064D0122F08FCA000BACE9 /* LaunchScreen.storyboard */ = {
			isa = PBXVariantGroup;
			children = (
				4D064D0222F08FCA000BACE9 /* Base */,
			);
			name = LaunchScreen.storyboard;
			sourceTree = "<group>";
		};
/* End PBXVariantGroup section */

/* Begin XCBuildConfiguration section */
		4D064D0522F08FCA000BACE9 /* Debug */ = {
			isa = XCBuildConfiguration;
			buildSettings = {
				ALWAYS_SEARCH_USER_PATHS = NO;
				CLANG_ANALYZER_NONNULL = YES;
				CLANG_ANALYZER_NUMBER_OBJECT_CONVERSION = YES_AGGRESSIVE;
				CLANG_CXX_LANGUAGE_STANDARD = "gnu++14";
				CLANG_CXX_LIBRARY = "libc++";
				CLANG_ENABLE_MODULES = YES;
				CLANG_ENABLE_OBJC_ARC = YES;
				CLANG_ENABLE_OBJC_WEAK = YES;
				CLANG_WARN_BLOCK_CAPTURE_AUTORELEASING = YES;
				CLANG_WARN_BOOL_CONVERSION = YES;
				CLANG_WARN_COMMA = YES;
				CLANG_WARN_CONSTANT_CONVERSION = YES;
				CLANG_WARN_DEPRECATED_OBJC_IMPLEMENTATIONS = YES;
				CLANG_WARN_DIRECT_OBJC_ISA_USAGE = YES_ERROR;
				CLANG_WARN_DOCUMENTATION_COMMENTS = YES;
				CLANG_WARN_EMPTY_BODY = YES;
				CLANG_WARN_ENUM_CONVERSION = YES;
				CLANG_WARN_INFINITE_RECURSION = YES;
				CLANG_WARN_INT_CONVERSION = YES;
				CLANG_WARN_NON_LITERAL_NULL_CONVERSION = YES;
				CLANG_WARN_OBJC_IMPLICIT_RETAIN_SELF = YES;
				CLANG_WARN_OBJC_LITERAL_CONVERSION = YES;
				CLANG_WARN_OBJC_ROOT_CLASS = YES_ERROR;
				CLANG_WARN_RANGE_LOOP_ANALYSIS = YES;
				CLANG_WARN_STRICT_PROTOTYPES = YES;
				CLANG_WARN_SUSPICIOUS_MOVE = YES;
				CLANG_WARN_UNGUARDED_AVAILABILITY = YES_AGGRESSIVE;
				CLANG_WARN_UNREACHABLE_CODE = YES;
				CLANG_WARN__DUPLICATE_METHOD_MATCH = YES;
				CODE_SIGN_IDENTITY = "iPhone Developer";
				COPY_PHASE_STRIP = NO;
				DEBUG_INFORMATION_FORMAT = dwarf;
				ENABLE_STRICT_OBJC_MSGSEND = YES;
				ENABLE_TESTABILITY = YES;
				GCC_C_LANGUAGE_STANDARD = gnu11;
				GCC_DYNAMIC_NO_PIC = NO;
				GCC_NO_COMMON_BLOCKS = YES;
				GCC_OPTIMIZATION_LEVEL = 0;
				GCC_PREPROCESSOR_DEFINITIONS = (
					"DEBUG=1",
					"$(inherited)",
				);
				GCC_WARN_64_TO_32_BIT_CONVERSION = YES;
				GCC_WARN_ABOUT_RETURN_TYPE = YES_ERROR;
				GCC_WARN_UNDECLARED_SELECTOR = YES;
				GCC_WARN_UNINITIALIZED_AUTOS = YES_AGGRESSIVE;
				GCC_WARN_UNUSED_FUNCTION = YES;
				GCC_WARN_UNUSED_VARIABLE = YES;
				IPHONEOS_DEPLOYMENT_TARGET = 12.2;
				MTL_ENABLE_DEBUG_INFO = INCLUDE_SOURCE;
				MTL_FAST_MATH = YES;
				ONLY_ACTIVE_ARCH = YES;
				SDKROOT = iphoneos;
				SWIFT_ACTIVE_COMPILATION_CONDITIONS = DEBUG;
				SWIFT_OPTIMIZATION_LEVEL = "-Onone";
			};
			name = Debug;
		};
		4D064D0622F08FCA000BACE9 /* Release */ = {
			isa = XCBuildConfiguration;
			buildSettings = {
				ALWAYS_SEARCH_USER_PATHS = NO;
				CLANG_ANALYZER_NONNULL = YES;
				CLANG_ANALYZER_NUMBER_OBJECT_CONVERSION = YES_AGGRESSIVE;
				CLANG_CXX_LANGUAGE_STANDARD = "gnu++14";
				CLANG_CXX_LIBRARY = "libc++";
				CLANG_ENABLE_MODULES = YES;
				CLANG_ENABLE_OBJC_ARC = YES;
				CLANG_ENABLE_OBJC_WEAK = YES;
				CLANG_WARN_BLOCK_CAPTURE_AUTORELEASING = YES;
				CLANG_WARN_BOOL_CONVERSION = YES;
				CLANG_WARN_COMMA = YES;
				CLANG_WARN_CONSTANT_CONVERSION = YES;
				CLANG_WARN_DEPRECATED_OBJC_IMPLEMENTATIONS = YES;
				CLANG_WARN_DIRECT_OBJC_ISA_USAGE = YES_ERROR;
				CLANG_WARN_DOCUMENTATION_COMMENTS = YES;
				CLANG_WARN_EMPTY_BODY = YES;
				CLANG_WARN_ENUM_CONVERSION = YES;
				CLANG_WARN_INFINITE_RECURSION = YES;
				CLANG_WARN_INT_CONVERSION = YES;
				CLANG_WARN_NON_LITERAL_NULL_CONVERSION = YES;
				CLANG_WARN_OBJC_IMPLICIT_RETAIN_SELF = YES;
				CLANG_WARN_OBJC_LITERAL_CONVERSION = YES;
				CLANG_WARN_OBJC_ROOT_CLASS = YES_ERROR;
				CLANG_WARN_RANGE_LOOP_ANALYSIS = YES;
				CLANG_WARN_STRICT_PROTOTYPES = YES;
				CLANG_WARN_SUSPICIOUS_MOVE = YES;
				CLANG_WARN_UNGUARDED_AVAILABILITY = YES_AGGRESSIVE;
				CLANG_WARN_UNREACHABLE_CODE = YES;
				CLANG_WARN__DUPLICATE_METHOD_MATCH = YES;
				CODE_SIGN_IDENTITY = "iPhone Developer";
				COPY_PHASE_STRIP = NO;
				DEBUG_INFORMATION_FORMAT = "dwarf-with-dsym";
				ENABLE_NS_ASSERTIONS = NO;
				ENABLE_STRICT_OBJC_MSGSEND = YES;
				GCC_C_LANGUAGE_STANDARD = gnu11;
				GCC_NO_COMMON_BLOCKS = YES;
				GCC_WARN_64_TO_32_BIT_CONVERSION = YES;
				GCC_WARN_ABOUT_RETURN_TYPE = YES_ERROR;
				GCC_WARN_UNDECLARED_SELECTOR = YES;
				GCC_WARN_UNINITIALIZED_AUTOS = YES_AGGRESSIVE;
				GCC_WARN_UNUSED_FUNCTION = YES;
				GCC_WARN_UNUSED_VARIABLE = YES;
				IPHONEOS_DEPLOYMENT_TARGET = 12.2;
				MTL_ENABLE_DEBUG_INFO = NO;
				MTL_FAST_MATH = YES;
				SDKROOT = iphoneos;
				SWIFT_COMPILATION_MODE = wholemodule;
				SWIFT_OPTIMIZATION_LEVEL = "-O";
				VALIDATE_PRODUCT = YES;
			};
			name = Release;
		};
		4D064D0822F08FCA000BACE9 /* Debug */ = {
			isa = XCBuildConfiguration;
			buildSettings = {
				ASSETCATALOG_COMPILER_APPICON_NAME = AppIcon;
				CODE_SIGN_STYLE = Manual;
				DEVELOPMENT_TEAM = ZBLGZ7QQXQ;
				FRAMEWORK_SEARCH_PATHS = (
					"$(inherited)",
					"$(PROJECT_DIR)/SimpalmLogTest",
					"$(PROJECT_DIR)",
				);
				INFOPLIST_FILE = SimpalmLogTest/Info.plist;
				LD_RUNPATH_SEARCH_PATHS = (
					"$(inherited)",
					"@executable_path/Frameworks",
				);
				PRODUCT_BUNDLE_IDENTIFIER = com.simpalm.testversion;
				PRODUCT_NAME = "$(TARGET_NAME)";
				PROVISIONING_PROFILE_SPECIFIER = TestVersionDevelopment_12March19;
				SWIFT_VERSION = 5.0;
				TARGETED_DEVICE_FAMILY = "1,2";
			};
			name = Debug;
		};
		4D064D0922F08FCA000BACE9 /* Release */ = {
			isa = XCBuildConfiguration;
			buildSettings = {
				ASSETCATALOG_COMPILER_APPICON_NAME = AppIcon;
				CODE_SIGN_STYLE = Manual;
				DEVELOPMENT_TEAM = ZBLGZ7QQXQ;
				FRAMEWORK_SEARCH_PATHS = (
					"$(inherited)",
					"$(PROJECT_DIR)/SimpalmLogTest",
					"$(PROJECT_DIR)",
				);
				INFOPLIST_FILE = SimpalmLogTest/Info.plist;
				LD_RUNPATH_SEARCH_PATHS = (
					"$(inherited)",
					"@executable_path/Frameworks",
				);
				PRODUCT_BUNDLE_IDENTIFIER = com.simpalm.testversion;
				PRODUCT_NAME = "$(TARGET_NAME)";
				PROVISIONING_PROFILE_SPECIFIER = TestVersionDevelopment_12March19;
				SWIFT_VERSION = 5.0;
				TARGETED_DEVICE_FAMILY = "1,2";
			};
			name = Release;
		};
/* End XCBuildConfiguration section */

/* Begin XCConfigurationList section */
		4D064CF022F08FC9000BACE9 /* Build configuration list for PBXProject "SimpalmLogTest" */ = {
			isa = XCConfigurationList;
			buildConfigurations = (
				4D064D0522F08FCA000BACE9 /* Debug */,
				4D064D0622F08FCA000BACE9 /* Release */,
			);
			defaultConfigurationIsVisible = 0;
			defaultConfigurationName = Release;
		};
		4D064D0722F08FCA000BACE9 /* Build configuration list for PBXNativeTarget "SimpalmLogTest" */ = {
			isa = XCConfigurationList;
			buildConfigurations = (
				4D064D0822F08FCA000BACE9 /* Debug */,
				4D064D0922F08FCA000BACE9 /* Release */,
			);
			defaultConfigurationIsVisible = 0;
			defaultConfigurationName = Release;
		};
/* End XCConfigurationList section */
	};
	rootObject = 4D064CED22F08FC9000BACE9 /* Project object */;
}
